// !$*UTF8*$!
{
	archiveVersion = 1;
	classes = {
	};
	objectVersion = 56;
	objects = {

/* Begin PBXBuildFile section */
		905AF5B42BF8FFB500244A60 /* IngredientsTrackerApp.swift in Sources */ = {isa = PBXBuildFile; fileRef = 905AF5B32BF8FFB500244A60 /* IngredientsTrackerApp.swift */; };
		905AF5B82BF8FFB600244A60 /* Assets.xcassets in Resources */ = {isa = PBXBuildFile; fileRef = 905AF5B72BF8FFB600244A60 /* Assets.xcassets */; };
		905AF5BB2BF8FFB600244A60 /* Preview Assets.xcassets in Resources */ = {isa = PBXBuildFile; fileRef = 905AF5BA2BF8FFB600244A60 /* Preview Assets.xcassets */; };
		905AF61D2BF908F500244A60 /* GroupCreationView.swift in Sources */ = {isa = PBXBuildFile; fileRef = 905AF5F62BF908F500244A60 /* GroupCreationView.swift */; };
		905AF61E2BF908F500244A60 /* UserDetailsView.swift in Sources */ = {isa = PBXBuildFile; fileRef = 905AF5F72BF908F500244A60 /* UserDetailsView.swift */; };
		905AF61F2BF908F500244A60 /* UsersView.swift in Sources */ = {isa = PBXBuildFile; fileRef = 905AF5F82BF908F500244A60 /* UsersView.swift */; };
		905AF6202BF908F500244A60 /* LoginView.swift in Sources */ = {isa = PBXBuildFile; fileRef = 905AF5F92BF908F500244A60 /* LoginView.swift */; };
		905AF6212BF908F500244A60 /* UserProfileView.swift in Sources */ = {isa = PBXBuildFile; fileRef = 905AF5FA2BF908F500244A60 /* UserProfileView.swift */; };
		905AF6232BF908F500244A60 /* DeviceCreationView.swift in Sources */ = {isa = PBXBuildFile; fileRef = 905AF5FC2BF908F500244A60 /* DeviceCreationView.swift */; };
		905AF6242BF908F500244A60 /* RegisterView.swift in Sources */ = {isa = PBXBuildFile; fileRef = 905AF5FD2BF908F500244A60 /* RegisterView.swift */; };
		905AF6272BF908F500244A60 /* DevicesView.swift in Sources */ = {isa = PBXBuildFile; fileRef = 905AF6002BF908F500244A60 /* DevicesView.swift */; };
		905AF6282BF908F500244A60 /* GroupView.swift in Sources */ = {isa = PBXBuildFile; fileRef = 905AF6012BF908F500244A60 /* GroupView.swift */; };
		905AF6292BF908F500244A60 /* GlobalUser.swift in Sources */ = {isa = PBXBuildFile; fileRef = 905AF6032BF908F500244A60 /* GlobalUser.swift */; };
		905AF62A2BF908F500244A60 /* JwtTokensService.swift in Sources */ = {isa = PBXBuildFile; fileRef = 905AF6052BF908F500244A60 /* JwtTokensService.swift */; };
		905AF62B2BF908F500244A60 /* HttpClient.swift in Sources */ = {isa = PBXBuildFile; fileRef = 905AF6062BF908F500244A60 /* HttpClient.swift */; };
		905AF62C2BF908F500244A60 /* HttpError.swift in Sources */ = {isa = PBXBuildFile; fileRef = 905AF6072BF908F500244A60 /* HttpError.swift */; };
		905AF62F2BF908F500244A60 /* DevicesService.swift in Sources */ = {isa = PBXBuildFile; fileRef = 905AF60B2BF908F500244A60 /* DevicesService.swift */; };
		905AF6302BF908F500244A60 /* UsersService.swift in Sources */ = {isa = PBXBuildFile; fileRef = 905AF60C2BF908F500244A60 /* UsersService.swift */; };
		905AF6312BF908F500244A60 /* GroupsService.swift in Sources */ = {isa = PBXBuildFile; fileRef = 905AF60D2BF908F500244A60 /* GroupsService.swift */; };
		905AF6322BF908F500244A60 /* ServiceBase.swift in Sources */ = {isa = PBXBuildFile; fileRef = 905AF60E2BF908F500244A60 /* ServiceBase.swift */; };
		905AF6332BF908F500244A60 /* Role.swift in Sources */ = {isa = PBXBuildFile; fileRef = 905AF6102BF908F500244A60 /* Role.swift */; };
		905AF6342BF908F500244A60 /* LoginModel.swift in Sources */ = {isa = PBXBuildFile; fileRef = 905AF6122BF908F500244A60 /* LoginModel.swift */; };
		905AF6352BF908F500244A60 /* TokensModel.swift in Sources */ = {isa = PBXBuildFile; fileRef = 905AF6132BF908F500244A60 /* TokensModel.swift */; };
		905AF6362BF908F500244A60 /* RegisterModel.swift in Sources */ = {isa = PBXBuildFile; fileRef = 905AF6142BF908F500244A60 /* RegisterModel.swift */; };
		905AF6392BF908F500244A60 /* User.swift in Sources */ = {isa = PBXBuildFile; fileRef = 905AF6172BF908F500244A60 /* User.swift */; };
		905AF63B2BF908F500244A60 /* Group.swift in Sources */ = {isa = PBXBuildFile; fileRef = 905AF6192BF908F500244A60 /* Group.swift */; };
		905AF63C2BF908F500244A60 /* Device.swift in Sources */ = {isa = PBXBuildFile; fileRef = 905AF61A2BF908F500244A60 /* Device.swift */; };
		905AF63D2BF908F500244A60 /* PagedList.swift in Sources */ = {isa = PBXBuildFile; fileRef = 905AF61B2BF908F500244A60 /* PagedList.swift */; };
		905AF6402BF90A4800244A60 /* JWTDecode in Frameworks */ = {isa = PBXBuildFile; productRef = 905AF63F2BF90A4800244A60 /* JWTDecode */; };
		905AF6422BF90B5600244A60 /* Localizable.xcstrings in Resources */ = {isa = PBXBuildFile; fileRef = 905AF6412BF90B5600244A60 /* Localizable.xcstrings */; };
		905AF6442BF911C600244A60 /* ProductsService.swift in Sources */ = {isa = PBXBuildFile; fileRef = 905AF6432BF911C600244A60 /* ProductsService.swift */; };
		905AF6462BF9121100244A60 /* Product.swift in Sources */ = {isa = PBXBuildFile; fileRef = 905AF6452BF9121100244A60 /* Product.swift */; };
		905AF6482BF913B300244A60 /* ProductsView.swift in Sources */ = {isa = PBXBuildFile; fileRef = 905AF6472BF913B300244A60 /* ProductsView.swift */; };
		905AF64A2BF91D6300244A60 /* Recipe.swift in Sources */ = {isa = PBXBuildFile; fileRef = 905AF6492BF91D6300244A60 /* Recipe.swift */; };
		905AF64C2BF91DA400244A60 /* ImageInfo.swift in Sources */ = {isa = PBXBuildFile; fileRef = 905AF64B2BF91DA400244A60 /* ImageInfo.swift */; };
		905AF64E2BF91E4600244A60 /* Category.swift in Sources */ = {isa = PBXBuildFile; fileRef = 905AF64D2BF91E4600244A60 /* Category.swift */; };
		905AF6502BF9215F00244A60 /* RecipesService.swift in Sources */ = {isa = PBXBuildFile; fileRef = 905AF64F2BF9215F00244A60 /* RecipesService.swift */; };
		905AF6522BF9230F00244A60 /* RecipesView.swift in Sources */ = {isa = PBXBuildFile; fileRef = 905AF6512BF9230F00244A60 /* RecipesView.swift */; };
		905AF6542BF928E300244A60 /* RecipeDetailsView.swift in Sources */ = {isa = PBXBuildFile; fileRef = 905AF6532BF928E300244A60 /* RecipeDetailsView.swift */; };
		90F12F052BFA54D5000AF3D0 /* Config.plist in Resources */ = {isa = PBXBuildFile; fileRef = 90F12F042BFA54D5000AF3D0 /* Config.plist */; };
		90F12F072BFA556B000AF3D0 /* Config.swift in Sources */ = {isa = PBXBuildFile; fileRef = 90F12F062BFA556B000AF3D0 /* Config.swift */; };
/* End PBXBuildFile section */

/* Begin PBXFileReference section */
		905AF5B02BF8FFB500244A60 /* IngredientsTracker.app */ = {isa = PBXFileReference; explicitFileType = wrapper.application; includeInIndex = 0; path = IngredientsTracker.app; sourceTree = BUILT_PRODUCTS_DIR; };
		905AF5B32BF8FFB500244A60 /* IngredientsTrackerApp.swift */ = {isa = PBXFileReference; lastKnownFileType = sourcecode.swift; path = IngredientsTrackerApp.swift; sourceTree = "<group>"; };
		905AF5B72BF8FFB600244A60 /* Assets.xcassets */ = {isa = PBXFileReference; lastKnownFileType = folder.assetcatalog; path = Assets.xcassets; sourceTree = "<group>"; };
		905AF5BA2BF8FFB600244A60 /* Preview Assets.xcassets */ = {isa = PBXFileReference; lastKnownFileType = folder.assetcatalog; path = "Preview Assets.xcassets"; sourceTree = "<group>"; };
		905AF5F62BF908F500244A60 /* GroupCreationView.swift */ = {isa = PBXFileReference; fileEncoding = 4; lastKnownFileType = sourcecode.swift; path = GroupCreationView.swift; sourceTree = "<group>"; };
		905AF5F72BF908F500244A60 /* UserDetailsView.swift */ = {isa = PBXFileReference; fileEncoding = 4; lastKnownFileType = sourcecode.swift; path = UserDetailsView.swift; sourceTree = "<group>"; };
		905AF5F82BF908F500244A60 /* UsersView.swift */ = {isa = PBXFileReference; fileEncoding = 4; lastKnownFileType = sourcecode.swift; path = UsersView.swift; sourceTree = "<group>"; };
		905AF5F92BF908F500244A60 /* LoginView.swift */ = {isa = PBXFileReference; fileEncoding = 4; lastKnownFileType = sourcecode.swift; path = LoginView.swift; sourceTree = "<group>"; };
		905AF5FA2BF908F500244A60 /* UserProfileView.swift */ = {isa = PBXFileReference; fileEncoding = 4; lastKnownFileType = sourcecode.swift; path = UserProfileView.swift; sourceTree = "<group>"; };
		905AF5FC2BF908F500244A60 /* DeviceCreationView.swift */ = {isa = PBXFileReference; fileEncoding = 4; lastKnownFileType = sourcecode.swift; path = DeviceCreationView.swift; sourceTree = "<group>"; };
		905AF5FD2BF908F500244A60 /* RegisterView.swift */ = {isa = PBXFileReference; fileEncoding = 4; lastKnownFileType = sourcecode.swift; path = RegisterView.swift; sourceTree = "<group>"; };
		905AF6002BF908F500244A60 /* DevicesView.swift */ = {isa = PBXFileReference; fileEncoding = 4; lastKnownFileType = sourcecode.swift; path = DevicesView.swift; sourceTree = "<group>"; };
		905AF6012BF908F500244A60 /* GroupView.swift */ = {isa = PBXFileReference; fileEncoding = 4; lastKnownFileType = sourcecode.swift; path = GroupView.swift; sourceTree = "<group>"; };
		905AF6032BF908F500244A60 /* GlobalUser.swift */ = {isa = PBXFileReference; fileEncoding = 4; lastKnownFileType = sourcecode.swift; path = GlobalUser.swift; sourceTree = "<group>"; };
		905AF6052BF908F500244A60 /* JwtTokensService.swift */ = {isa = PBXFileReference; fileEncoding = 4; lastKnownFileType = sourcecode.swift; path = JwtTokensService.swift; sourceTree = "<group>"; };
		905AF6062BF908F500244A60 /* HttpClient.swift */ = {isa = PBXFileReference; fileEncoding = 4; lastKnownFileType = sourcecode.swift; path = HttpClient.swift; sourceTree = "<group>"; };
		905AF6072BF908F500244A60 /* HttpError.swift */ = {isa = PBXFileReference; fileEncoding = 4; lastKnownFileType = sourcecode.swift; path = HttpError.swift; sourceTree = "<group>"; };
		905AF60B2BF908F500244A60 /* DevicesService.swift */ = {isa = PBXFileReference; fileEncoding = 4; lastKnownFileType = sourcecode.swift; path = DevicesService.swift; sourceTree = "<group>"; };
		905AF60C2BF908F500244A60 /* UsersService.swift */ = {isa = PBXFileReference; fileEncoding = 4; lastKnownFileType = sourcecode.swift; path = UsersService.swift; sourceTree = "<group>"; };
		905AF60D2BF908F500244A60 /* GroupsService.swift */ = {isa = PBXFileReference; fileEncoding = 4; lastKnownFileType = sourcecode.swift; path = GroupsService.swift; sourceTree = "<group>"; };
		905AF60E2BF908F500244A60 /* ServiceBase.swift */ = {isa = PBXFileReference; fileEncoding = 4; lastKnownFileType = sourcecode.swift; path = ServiceBase.swift; sourceTree = "<group>"; };
		905AF6102BF908F500244A60 /* Role.swift */ = {isa = PBXFileReference; fileEncoding = 4; lastKnownFileType = sourcecode.swift; path = Role.swift; sourceTree = "<group>"; };
		905AF6122BF908F500244A60 /* LoginModel.swift */ = {isa = PBXFileReference; fileEncoding = 4; lastKnownFileType = sourcecode.swift; path = LoginModel.swift; sourceTree = "<group>"; };
		905AF6132BF908F500244A60 /* TokensModel.swift */ = {isa = PBXFileReference; fileEncoding = 4; lastKnownFileType = sourcecode.swift; path = TokensModel.swift; sourceTree = "<group>"; };
		905AF6142BF908F500244A60 /* RegisterModel.swift */ = {isa = PBXFileReference; fileEncoding = 4; lastKnownFileType = sourcecode.swift; path = RegisterModel.swift; sourceTree = "<group>"; };
		905AF6172BF908F500244A60 /* User.swift */ = {isa = PBXFileReference; fileEncoding = 4; lastKnownFileType = sourcecode.swift; path = User.swift; sourceTree = "<group>"; };
		905AF6192BF908F500244A60 /* Group.swift */ = {isa = PBXFileReference; fileEncoding = 4; lastKnownFileType = sourcecode.swift; path = Group.swift; sourceTree = "<group>"; };
		905AF61A2BF908F500244A60 /* Device.swift */ = {isa = PBXFileReference; fileEncoding = 4; lastKnownFileType = sourcecode.swift; path = Device.swift; sourceTree = "<group>"; };
		905AF61B2BF908F500244A60 /* PagedList.swift */ = {isa = PBXFileReference; fileEncoding = 4; lastKnownFileType = sourcecode.swift; path = PagedList.swift; sourceTree = "<group>"; };
		905AF6412BF90B5600244A60 /* Localizable.xcstrings */ = {isa = PBXFileReference; fileEncoding = 4; lastKnownFileType = text.json.xcstrings; path = Localizable.xcstrings; sourceTree = "<group>"; };
		905AF6432BF911C600244A60 /* ProductsService.swift */ = {isa = PBXFileReference; lastKnownFileType = sourcecode.swift; path = ProductsService.swift; sourceTree = "<group>"; };
		905AF6452BF9121100244A60 /* Product.swift */ = {isa = PBXFileReference; lastKnownFileType = sourcecode.swift; path = Product.swift; sourceTree = "<group>"; };
		905AF6472BF913B300244A60 /* ProductsView.swift */ = {isa = PBXFileReference; lastKnownFileType = sourcecode.swift; path = ProductsView.swift; sourceTree = "<group>"; };
		905AF6492BF91D6300244A60 /* Recipe.swift */ = {isa = PBXFileReference; lastKnownFileType = sourcecode.swift; path = Recipe.swift; sourceTree = "<group>"; };
		905AF64B2BF91DA400244A60 /* ImageInfo.swift */ = {isa = PBXFileReference; lastKnownFileType = sourcecode.swift; path = ImageInfo.swift; sourceTree = "<group>"; };
		905AF64D2BF91E4600244A60 /* Category.swift */ = {isa = PBXFileReference; lastKnownFileType = sourcecode.swift; path = Category.swift; sourceTree = "<group>"; };
		905AF64F2BF9215F00244A60 /* RecipesService.swift */ = {isa = PBXFileReference; lastKnownFileType = sourcecode.swift; path = RecipesService.swift; sourceTree = "<group>"; };
		905AF6512BF9230F00244A60 /* RecipesView.swift */ = {isa = PBXFileReference; lastKnownFileType = sourcecode.swift; path = RecipesView.swift; sourceTree = "<group>"; };
		905AF6532BF928E300244A60 /* RecipeDetailsView.swift */ = {isa = PBXFileReference; lastKnownFileType = sourcecode.swift; path = RecipeDetailsView.swift; sourceTree = "<group>"; };
		90F12F042BFA54D5000AF3D0 /* Config.plist */ = {isa = PBXFileReference; lastKnownFileType = text.plist.xml; path = Config.plist; sourceTree = "<group>"; };
		90F12F062BFA556B000AF3D0 /* Config.swift */ = {isa = PBXFileReference; lastKnownFileType = sourcecode.swift; path = Config.swift; sourceTree = "<group>"; };
/* End PBXFileReference section */

/* Begin PBXFrameworksBuildPhase section */
		905AF5AD2BF8FFB500244A60 /* Frameworks */ = {
			isa = PBXFrameworksBuildPhase;
			buildActionMask = 2147483647;
			files = (
				905AF6402BF90A4800244A60 /* JWTDecode in Frameworks */,
			);
			runOnlyForDeploymentPostprocessing = 0;
		};
/* End PBXFrameworksBuildPhase section */

/* Begin PBXGroup section */
		905AF5A72BF8FFB500244A60 = {
			isa = PBXGroup;
			children = (
				905AF5B22BF8FFB500244A60 /* IngredientsTracker */,
				905AF5B12BF8FFB500244A60 /* Products */,
			);
			sourceTree = "<group>";
		};
		905AF5B12BF8FFB500244A60 /* Products */ = {
			isa = PBXGroup;
			children = (
				905AF5B02BF8FFB500244A60 /* IngredientsTracker.app */,
			);
			name = Products;
			sourceTree = "<group>";
		};
		905AF5B22BF8FFB500244A60 /* IngredientsTracker */ = {
			isa = PBXGroup;
			children = (
				905AF6022BF908F500244A60 /* GlobalInstances */,
				905AF60F2BF908F500244A60 /* Models */,
				905AF6042BF908F500244A60 /* Network */,
				905AF6082BF908F500244A60 /* Services */,
				905AF5F42BF908F500244A60 /* Views */,
				905AF5B32BF8FFB500244A60 /* IngredientsTrackerApp.swift */,
				905AF5B72BF8FFB600244A60 /* Assets.xcassets */,
				905AF6412BF90B5600244A60 /* Localizable.xcstrings */,
				905AF5B92BF8FFB600244A60 /* Preview Content */,
				90F12F042BFA54D5000AF3D0 /* Config.plist */,
			);
			path = IngredientsTracker;
			sourceTree = "<group>";
		};
		905AF5B92BF8FFB600244A60 /* Preview Content */ = {
			isa = PBXGroup;
			children = (
				905AF5BA2BF8FFB600244A60 /* Preview Assets.xcassets */,
			);
			path = "Preview Content";
			sourceTree = "<group>";
		};
		905AF5F42BF908F500244A60 /* Views */ = {
			isa = PBXGroup;
			children = (
				905AF5F62BF908F500244A60 /* GroupCreationView.swift */,
				905AF5F72BF908F500244A60 /* UserDetailsView.swift */,
				905AF5F82BF908F500244A60 /* UsersView.swift */,
				905AF5F92BF908F500244A60 /* LoginView.swift */,
				905AF5FA2BF908F500244A60 /* UserProfileView.swift */,
				905AF5FC2BF908F500244A60 /* DeviceCreationView.swift */,
				905AF5FD2BF908F500244A60 /* RegisterView.swift */,
				905AF6002BF908F500244A60 /* DevicesView.swift */,
				905AF6012BF908F500244A60 /* GroupView.swift */,
				905AF6472BF913B300244A60 /* ProductsView.swift */,
				905AF6512BF9230F00244A60 /* RecipesView.swift */,
				905AF6532BF928E300244A60 /* RecipeDetailsView.swift */,
			);
			path = Views;
			sourceTree = "<group>";
		};
		905AF6022BF908F500244A60 /* GlobalInstances */ = {
			isa = PBXGroup;
			children = (
				905AF6032BF908F500244A60 /* GlobalUser.swift */,
				90F12F062BFA556B000AF3D0 /* Config.swift */,
			);
			path = GlobalInstances;
			sourceTree = "<group>";
		};
		905AF6042BF908F500244A60 /* Network */ = {
			isa = PBXGroup;
			children = (
				905AF6052BF908F500244A60 /* JwtTokensService.swift */,
				905AF6062BF908F500244A60 /* HttpClient.swift */,
				905AF6072BF908F500244A60 /* HttpError.swift */,
			);
			path = Network;
			sourceTree = "<group>";
		};
		905AF6082BF908F500244A60 /* Services */ = {
			isa = PBXGroup;
			children = (
				905AF60B2BF908F500244A60 /* DevicesService.swift */,
				905AF60C2BF908F500244A60 /* UsersService.swift */,
				905AF60D2BF908F500244A60 /* GroupsService.swift */,
				905AF60E2BF908F500244A60 /* ServiceBase.swift */,
				905AF6432BF911C600244A60 /* ProductsService.swift */,
				905AF64F2BF9215F00244A60 /* RecipesService.swift */,
			);
			path = Services;
			sourceTree = "<group>";
		};
		905AF60F2BF908F500244A60 /* Models */ = {
			isa = PBXGroup;
			children = (
				905AF6102BF908F500244A60 /* Role.swift */,
				905AF6112BF908F500244A60 /* Identity */,
				905AF6172BF908F500244A60 /* User.swift */,
				905AF6192BF908F500244A60 /* Group.swift */,
				905AF61A2BF908F500244A60 /* Device.swift */,
				905AF61B2BF908F500244A60 /* PagedList.swift */,
				905AF6452BF9121100244A60 /* Product.swift */,
				905AF6492BF91D6300244A60 /* Recipe.swift */,
				905AF64B2BF91DA400244A60 /* ImageInfo.swift */,
				905AF64D2BF91E4600244A60 /* Category.swift */,
			);
			path = Models;
			sourceTree = "<group>";
		};
		905AF6112BF908F500244A60 /* Identity */ = {
			isa = PBXGroup;
			children = (
				905AF6122BF908F500244A60 /* LoginModel.swift */,
				905AF6132BF908F500244A60 /* TokensModel.swift */,
				905AF6142BF908F500244A60 /* RegisterModel.swift */,
			);
			path = Identity;
			sourceTree = "<group>";
		};
/* End PBXGroup section */

/* Begin PBXNativeTarget section */
		905AF5AF2BF8FFB500244A60 /* IngredientsTracker */ = {
			isa = PBXNativeTarget;
			buildConfigurationList = 905AF5BE2BF8FFB600244A60 /* Build configuration list for PBXNativeTarget "IngredientsTracker" */;
			buildPhases = (
				905AF5AC2BF8FFB500244A60 /* Sources */,
				905AF5AD2BF8FFB500244A60 /* Frameworks */,
				905AF5AE2BF8FFB500244A60 /* Resources */,
			);
			buildRules = (
			);
			dependencies = (
			);
			name = IngredientsTracker;
			packageProductDependencies = (
				905AF63F2BF90A4800244A60 /* JWTDecode */,
			);
			productName = IngredientsTracker;
			productReference = 905AF5B02BF8FFB500244A60 /* IngredientsTracker.app */;
			productType = "com.apple.product-type.application";
		};
/* End PBXNativeTarget section */

/* Begin PBXProject section */
		905AF5A82BF8FFB500244A60 /* Project object */ = {
			isa = PBXProject;
			attributes = {
				BuildIndependentTargetsInParallel = 1;
				LastSwiftUpdateCheck = 1500;
				LastUpgradeCheck = 1500;
				TargetAttributes = {
					905AF5AF2BF8FFB500244A60 = {
						CreatedOnToolsVersion = 15.0.1;
					};
				};
			};
			buildConfigurationList = 905AF5AB2BF8FFB500244A60 /* Build configuration list for PBXProject "IngredientsTracker" */;
			compatibilityVersion = "Xcode 14.0";
			developmentRegion = en;
			hasScannedForEncodings = 0;
			knownRegions = (
				en,
				Base,
			);
			mainGroup = 905AF5A72BF8FFB500244A60;
			packageReferences = (
				905AF63E2BF90A4800244A60 /* XCRemoteSwiftPackageReference "JWTDecode.swift" */,
			);
			productRefGroup = 905AF5B12BF8FFB500244A60 /* Products */;
			projectDirPath = "";
			projectRoot = "";
			targets = (
				905AF5AF2BF8FFB500244A60 /* IngredientsTracker */,
			);
		};
/* End PBXProject section */

/* Begin PBXResourcesBuildPhase section */
		905AF5AE2BF8FFB500244A60 /* Resources */ = {
			isa = PBXResourcesBuildPhase;
			buildActionMask = 2147483647;
			files = (
				90F12F052BFA54D5000AF3D0 /* Config.plist in Resources */,
				905AF5BB2BF8FFB600244A60 /* Preview Assets.xcassets in Resources */,
				905AF5B82BF8FFB600244A60 /* Assets.xcassets in Resources */,
				905AF6422BF90B5600244A60 /* Localizable.xcstrings in Resources */,
			);
			runOnlyForDeploymentPostprocessing = 0;
		};
/* End PBXResourcesBuildPhase section */

/* Begin PBXSourcesBuildPhase section */
		905AF5AC2BF8FFB500244A60 /* Sources */ = {
			isa = PBXSourcesBuildPhase;
			buildActionMask = 2147483647;
			files = (
				905AF63B2BF908F500244A60 /* Group.swift in Sources */,
				905AF6302BF908F500244A60 /* UsersService.swift in Sources */,
				905AF6542BF928E300244A60 /* RecipeDetailsView.swift in Sources */,
				905AF64C2BF91DA400244A60 /* ImageInfo.swift in Sources */,
				905AF63C2BF908F500244A60 /* Device.swift in Sources */,
				905AF6212BF908F500244A60 /* UserProfileView.swift in Sources */,
				905AF6282BF908F500244A60 /* GroupView.swift in Sources */,
				905AF6392BF908F500244A60 /* User.swift in Sources */,
				905AF64E2BF91E4600244A60 /* Category.swift in Sources */,
				905AF63D2BF908F500244A60 /* PagedList.swift in Sources */,
				905AF6242BF908F500244A60 /* RegisterView.swift in Sources */,
				905AF6272BF908F500244A60 /* DevicesView.swift in Sources */,
				905AF64A2BF91D6300244A60 /* Recipe.swift in Sources */,
				905AF6202BF908F500244A60 /* LoginView.swift in Sources */,
				905AF6362BF908F500244A60 /* RegisterModel.swift in Sources */,
				905AF6322BF908F500244A60 /* ServiceBase.swift in Sources */,
				905AF61F2BF908F500244A60 /* UsersView.swift in Sources */,
				905AF6462BF9121100244A60 /* Product.swift in Sources */,
				905AF6502BF9215F00244A60 /* RecipesService.swift in Sources */,
				905AF6522BF9230F00244A60 /* RecipesView.swift in Sources */,
				905AF61E2BF908F500244A60 /* UserDetailsView.swift in Sources */,
				905AF6482BF913B300244A60 /* ProductsView.swift in Sources */,
				905AF62C2BF908F500244A60 /* HttpError.swift in Sources */,
				905AF5B42BF8FFB500244A60 /* IngredientsTrackerApp.swift in Sources */,
				905AF6352BF908F500244A60 /* TokensModel.swift in Sources */,
				905AF62A2BF908F500244A60 /* JwtTokensService.swift in Sources */,
				905AF6292BF908F500244A60 /* GlobalUser.swift in Sources */,
				905AF61D2BF908F500244A60 /* GroupCreationView.swift in Sources */,
				905AF62B2BF908F500244A60 /* HttpClient.swift in Sources */,
				90F12F072BFA556B000AF3D0 /* Config.swift in Sources */,
				905AF6342BF908F500244A60 /* LoginModel.swift in Sources */,
				905AF62F2BF908F500244A60 /* DevicesService.swift in Sources */,
				905AF6232BF908F500244A60 /* DeviceCreationView.swift in Sources */,
				905AF6312BF908F500244A60 /* GroupsService.swift in Sources */,
				905AF6332BF908F500244A60 /* Role.swift in Sources */,
				905AF6442BF911C600244A60 /* ProductsService.swift in Sources */,
			);
			runOnlyForDeploymentPostprocessing = 0;
		};
/* End PBXSourcesBuildPhase section */

/* Begin XCBuildConfiguration section */
		905AF5BC2BF8FFB600244A60 /* Debug */ = {
			isa = XCBuildConfiguration;
			buildSettings = {
				ALWAYS_SEARCH_USER_PATHS = NO;
				ASSETCATALOG_COMPILER_GENERATE_SWIFT_ASSET_SYMBOL_EXTENSIONS = YES;
				CLANG_ANALYZER_NONNULL = YES;
				CLANG_ANALYZER_NUMBER_OBJECT_CONVERSION = YES_AGGRESSIVE;
				CLANG_CXX_LANGUAGE_STANDARD = "gnu++20";
				CLANG_ENABLE_MODULES = YES;
				CLANG_ENABLE_OBJC_ARC = YES;
				CLANG_ENABLE_OBJC_WEAK = YES;
				CLANG_WARN_BLOCK_CAPTURE_AUTORELEASING = YES;
				CLANG_WARN_BOOL_CONVERSION = YES;
				CLANG_WARN_COMMA = YES;
				CLANG_WARN_CONSTANT_CONVERSION = YES;
				CLANG_WARN_DEPRECATED_OBJC_IMPLEMENTATIONS = YES;
				CLANG_WARN_DIRECT_OBJC_ISA_USAGE = YES_ERROR;
				CLANG_WARN_DOCUMENTATION_COMMENTS = YES;
				CLANG_WARN_EMPTY_BODY = YES;
				CLANG_WARN_ENUM_CONVERSION = YES;
				CLANG_WARN_INFINITE_RECURSION = YES;
				CLANG_WARN_INT_CONVERSION = YES;
				CLANG_WARN_NON_LITERAL_NULL_CONVERSION = YES;
				CLANG_WARN_OBJC_IMPLICIT_RETAIN_SELF = YES;
				CLANG_WARN_OBJC_LITERAL_CONVERSION = YES;
				CLANG_WARN_OBJC_ROOT_CLASS = YES_ERROR;
				CLANG_WARN_QUOTED_INCLUDE_IN_FRAMEWORK_HEADER = YES;
				CLANG_WARN_RANGE_LOOP_ANALYSIS = YES;
				CLANG_WARN_STRICT_PROTOTYPES = YES;
				CLANG_WARN_SUSPICIOUS_MOVE = YES;
				CLANG_WARN_UNGUARDED_AVAILABILITY = YES_AGGRESSIVE;
				CLANG_WARN_UNREACHABLE_CODE = YES;
				CLANG_WARN__DUPLICATE_METHOD_MATCH = YES;
				COPY_PHASE_STRIP = NO;
				DEBUG_INFORMATION_FORMAT = dwarf;
				ENABLE_STRICT_OBJC_MSGSEND = YES;
				ENABLE_TESTABILITY = YES;
				ENABLE_USER_SCRIPT_SANDBOXING = YES;
				GCC_C_LANGUAGE_STANDARD = gnu17;
				GCC_DYNAMIC_NO_PIC = NO;
				GCC_NO_COMMON_BLOCKS = YES;
				GCC_OPTIMIZATION_LEVEL = 0;
				GCC_PREPROCESSOR_DEFINITIONS = (
					"DEBUG=1",
					"$(inherited)",
				);
				GCC_WARN_64_TO_32_BIT_CONVERSION = YES;
				GCC_WARN_ABOUT_RETURN_TYPE = YES_ERROR;
				GCC_WARN_UNDECLARED_SELECTOR = YES;
				GCC_WARN_UNINITIALIZED_AUTOS = YES_AGGRESSIVE;
				GCC_WARN_UNUSED_FUNCTION = YES;
				GCC_WARN_UNUSED_VARIABLE = YES;
				IPHONEOS_DEPLOYMENT_TARGET = 17.0;
				LOCALIZATION_PREFERS_STRING_CATALOGS = YES;
				MTL_ENABLE_DEBUG_INFO = INCLUDE_SOURCE;
				MTL_FAST_MATH = YES;
				ONLY_ACTIVE_ARCH = YES;
				SDKROOT = iphoneos;
				SWIFT_ACTIVE_COMPILATION_CONDITIONS = "DEBUG $(inherited)";
				SWIFT_OPTIMIZATION_LEVEL = "-Onone";
			};
			name = Debug;
		};
		905AF5BD2BF8FFB600244A60 /* Release */ = {
			isa = XCBuildConfiguration;
			buildSettings = {
				ALWAYS_SEARCH_USER_PATHS = NO;
				ASSETCATALOG_COMPILER_GENERATE_SWIFT_ASSET_SYMBOL_EXTENSIONS = YES;
				CLANG_ANALYZER_NONNULL = YES;
				CLANG_ANALYZER_NUMBER_OBJECT_CONVERSION = YES_AGGRESSIVE;
				CLANG_CXX_LANGUAGE_STANDARD = "gnu++20";
				CLANG_ENABLE_MODULES = YES;
				CLANG_ENABLE_OBJC_ARC = YES;
				CLANG_ENABLE_OBJC_WEAK = YES;
				CLANG_WARN_BLOCK_CAPTURE_AUTORELEASING = YES;
				CLANG_WARN_BOOL_CONVERSION = YES;
				CLANG_WARN_COMMA = YES;
				CLANG_WARN_CONSTANT_CONVERSION = YES;
				CLANG_WARN_DEPRECATED_OBJC_IMPLEMENTATIONS = YES;
				CLANG_WARN_DIRECT_OBJC_ISA_USAGE = YES_ERROR;
				CLANG_WARN_DOCUMENTATION_COMMENTS = YES;
				CLANG_WARN_EMPTY_BODY = YES;
				CLANG_WARN_ENUM_CONVERSION = YES;
				CLANG_WARN_INFINITE_RECURSION = YES;
				CLANG_WARN_INT_CONVERSION = YES;
				CLANG_WARN_NON_LITERAL_NULL_CONVERSION = YES;
				CLANG_WARN_OBJC_IMPLICIT_RETAIN_SELF = YES;
				CLANG_WARN_OBJC_LITERAL_CONVERSION = YES;
				CLANG_WARN_OBJC_ROOT_CLASS = YES_ERROR;
				CLANG_WARN_QUOTED_INCLUDE_IN_FRAMEWORK_HEADER = YES;
				CLANG_WARN_RANGE_LOOP_ANALYSIS = YES;
				CLANG_WARN_STRICT_PROTOTYPES = YES;
				CLANG_WARN_SUSPICIOUS_MOVE = YES;
				CLANG_WARN_UNGUARDED_AVAILABILITY = YES_AGGRESSIVE;
				CLANG_WARN_UNREACHABLE_CODE = YES;
				CLANG_WARN__DUPLICATE_METHOD_MATCH = YES;
				COPY_PHASE_STRIP = NO;
				DEBUG_INFORMATION_FORMAT = "dwarf-with-dsym";
				ENABLE_NS_ASSERTIONS = NO;
				ENABLE_STRICT_OBJC_MSGSEND = YES;
				ENABLE_USER_SCRIPT_SANDBOXING = YES;
				GCC_C_LANGUAGE_STANDARD = gnu17;
				GCC_NO_COMMON_BLOCKS = YES;
				GCC_WARN_64_TO_32_BIT_CONVERSION = YES;
				GCC_WARN_ABOUT_RETURN_TYPE = YES_ERROR;
				GCC_WARN_UNDECLARED_SELECTOR = YES;
				GCC_WARN_UNINITIALIZED_AUTOS = YES_AGGRESSIVE;
				GCC_WARN_UNUSED_FUNCTION = YES;
				GCC_WARN_UNUSED_VARIABLE = YES;
				IPHONEOS_DEPLOYMENT_TARGET = 17.0;
				LOCALIZATION_PREFERS_STRING_CATALOGS = YES;
				MTL_ENABLE_DEBUG_INFO = NO;
				MTL_FAST_MATH = YES;
				SDKROOT = iphoneos;
				SWIFT_COMPILATION_MODE = wholemodule;
				VALIDATE_PRODUCT = YES;
			};
			name = Release;
		};
		905AF5BF2BF8FFB600244A60 /* Debug */ = {
			isa = XCBuildConfiguration;
			buildSettings = {
				ASSETCATALOG_COMPILER_APPICON_NAME = AppIcon;
				ASSETCATALOG_COMPILER_GLOBAL_ACCENT_COLOR_NAME = AccentColor;
				CODE_SIGN_STYLE = Automatic;
				CURRENT_PROJECT_VERSION = 1;
				DEVELOPMENT_ASSET_PATHS = "\"IngredientsTracker/Preview Content\"";
				DEVELOPMENT_TEAM = 64FG98G3D5;
				ENABLE_PREVIEWS = YES;
				GENERATE_INFOPLIST_FILE = YES;
				INFOPLIST_KEY_UIApplicationSceneManifest_Generation = YES;
				INFOPLIST_KEY_UIApplicationSupportsIndirectInputEvents = YES;
				INFOPLIST_KEY_UILaunchScreen_Generation = YES;
				INFOPLIST_KEY_UISupportedInterfaceOrientations_iPad = "UIInterfaceOrientationPortrait UIInterfaceOrientationPortraitUpsideDown UIInterfaceOrientationLandscapeLeft UIInterfaceOrientationLandscapeRight";
				INFOPLIST_KEY_UISupportedInterfaceOrientations_iPhone = "UIInterfaceOrientationPortrait UIInterfaceOrientationLandscapeLeft UIInterfaceOrientationLandscapeRight";
				LD_RUNPATH_SEARCH_PATHS = (
					"$(inherited)",
					"@executable_path/Frameworks",
				);
				MARKETING_VERSION = 1.0;
				PRODUCT_BUNDLE_IDENTIFIER = com.shchoholiev.IngredientsTracker;
				PRODUCT_NAME = "$(TARGET_NAME)";
				SWIFT_EMIT_LOC_STRINGS = YES;
				SWIFT_VERSION = 5.0;
				TARGETED_DEVICE_FAMILY = "1,2";
			};
			name = Debug;
		};
		905AF5C02BF8FFB600244A60 /* Release */ = {
			isa = XCBuildConfiguration;
			buildSettings = {
				ASSETCATALOG_COMPILER_APPICON_NAME = AppIcon;
				ASSETCATALOG_COMPILER_GLOBAL_ACCENT_COLOR_NAME = AccentColor;
				CODE_SIGN_STYLE = Automatic;
				CURRENT_PROJECT_VERSION = 1;
				DEVELOPMENT_ASSET_PATHS = "\"IngredientsTracker/Preview Content\"";
				DEVELOPMENT_TEAM = 64FG98G3D5;
				ENABLE_PREVIEWS = YES;
				GENERATE_INFOPLIST_FILE = YES;
				INFOPLIST_KEY_UIApplicationSceneManifest_Generation = YES;
				INFOPLIST_KEY_UIApplicationSupportsIndirectInputEvents = YES;
				INFOPLIST_KEY_UILaunchScreen_Generation = YES;
				INFOPLIST_KEY_UISupportedInterfaceOrientations_iPad = "UIInterfaceOrientationPortrait UIInterfaceOrientationPortraitUpsideDown UIInterfaceOrientationLandscapeLeft UIInterfaceOrientationLandscapeRight";
				INFOPLIST_KEY_UISupportedInterfaceOrientations_iPhone = "UIInterfaceOrientationPortrait UIInterfaceOrientationLandscapeLeft UIInterfaceOrientationLandscapeRight";
				LD_RUNPATH_SEARCH_PATHS = (
					"$(inherited)",
					"@executable_path/Frameworks",
				);
				MARKETING_VERSION = 1.0;
				PRODUCT_BUNDLE_IDENTIFIER = com.shchoholiev.IngredientsTracker;
				PRODUCT_NAME = "$(TARGET_NAME)";
				SWIFT_EMIT_LOC_STRINGS = YES;
				SWIFT_VERSION = 5.0;
				TARGETED_DEVICE_FAMILY = "1,2";
			};
			name = Release;
		};
/* End XCBuildConfiguration section */

/* Begin XCConfigurationList section */
		905AF5AB2BF8FFB500244A60 /* Build configuration list for PBXProject "IngredientsTracker" */ = {
			isa = XCConfigurationList;
			buildConfigurations = (
				905AF5BC2BF8FFB600244A60 /* Debug */,
				905AF5BD2BF8FFB600244A60 /* Release */,
			);
			defaultConfigurationIsVisible = 0;
			defaultConfigurationName = Release;
		};
		905AF5BE2BF8FFB600244A60 /* Build configuration list for PBXNativeTarget "IngredientsTracker" */ = {
			isa = XCConfigurationList;
			buildConfigurations = (
				905AF5BF2BF8FFB600244A60 /* Debug */,
				905AF5C02BF8FFB600244A60 /* Release */,
			);
			defaultConfigurationIsVisible = 0;
			defaultConfigurationName = Release;
		};
/* End XCConfigurationList section */

/* Begin XCRemoteSwiftPackageReference section */
		905AF63E2BF90A4800244A60 /* XCRemoteSwiftPackageReference "JWTDecode.swift" */ = {
			isa = XCRemoteSwiftPackageReference;
			repositoryURL = "https://github.com/auth0/JWTDecode.swift.git";
			requirement = {
				kind = upToNextMajorVersion;
				minimumVersion = 3.1.0;
			};
		};
/* End XCRemoteSwiftPackageReference section */

/* Begin XCSwiftPackageProductDependency section */
		905AF63F2BF90A4800244A60 /* JWTDecode */ = {
			isa = XCSwiftPackageProductDependency;
			package = 905AF63E2BF90A4800244A60 /* XCRemoteSwiftPackageReference "JWTDecode.swift" */;
			productName = JWTDecode;
		};
/* End XCSwiftPackageProductDependency section */
	};
	rootObject = 905AF5A82BF8FFB500244A60 /* Project object */;
}
